
Microsoft Visual Studio Solution File, Format Version 12.00
# Visual Studio Version 17
VisualStudioVersion = 17.7.34009.444
MinimumVisualStudioVersion = 10.0.40219.1
Project("{9A19103F-16F7-4668-BE54-9A1E7A4F7556}") = "ToDoListAPI", "ToDoListAPI.csproj", "{99EDFCCE-4470-48C4-B3D6-FF3EA5E85BBA}"
EndProject
Project("{FAE04EC0-301F-11D3-BF4B-00C04F79EFBC}") = "ToDoListAPITest", "..\ToDoListAPITest\ToDoListAPITest.csproj", "{A4B29DBC-56EA-470A-93CB-F2F52B0BB75A}"
EndProject
Global
	GlobalSection(SolutionConfigurationPlatforms) = preSolution
		Debug|Any CPU = Debug|Any CPU
		Release|Any CPU = Release|Any CPU
	EndGlobalSection
	GlobalSection(ProjectConfigurationPlatforms) = postSolution
		{99EDFCCE-4470-48C4-B3D6-FF3EA5E85BBA}.Debug|Any CPU.ActiveCfg = Debug|Any CPU
		{99EDFCCE-4470-48C4-B3D6-FF3EA5E85BBA}.Debug|Any CPU.Build.0 = Debug|Any CPU
		{99EDFCCE-4470-48C4-B3D6-FF3EA5E85BBA}.Release|Any CPU.ActiveCfg = Release|Any CPU
		{99EDFCCE-4470-48C4-B3D6-FF3EA5E85BBA}.Release|Any CPU.Build.0 = Release|Any CPU
		{A4B29DBC-56EA-470A-93CB-F2F52B0BB75A}.Debug|Any CPU.ActiveCfg = Debug|Any CPU
		{A4B29DBC-56EA-470A-93CB-F2F52B0BB75A}.Debug|Any CPU.Build.0 = Debug|Any CPU
		{A4B29DBC-56EA-470A-93CB-F2F52B0BB75A}.Release|Any CPU.ActiveCfg = Release|Any CPU
		{A4B29DBC-56EA-470A-93CB-F2F52B0BB75A}.Release|Any CPU.Build.0 = Release|Any CPU
	EndGlobalSection
	GlobalSection(SolutionProperties) = preSolution
		HideSolutionNode = FALSE
	EndGlobalSection
	GlobalSection(ExtensibilityGlobals) = postSolution
		SolutionGuid = {1139DDB0-ECB8-425F-AF19-CAE4C00847A9}
	EndGlobalSection
EndGlobal
